
Microsoft Visual Studio Solution File, Format Version 12.00
# Visual Studio Version 17
VisualStudioVersion = 17.11.35219.272
MinimumVisualStudioVersion = 10.0.40219.1
Project("{FAE04EC0-301F-11D3-BF4B-00C04F79EFBC}") = "Employee Management", "Employee Management\Employee Management.csproj", "{95526584-513D-49F3-83D0-294557EE6FBD}"
EndProject
Global
	GlobalSection(SolutionConfigurationPlatforms) = preSolution
		Debug|Any CPU = Debug|Any CPU
		Release|Any CPU = Release|Any CPU
	EndGlobalSection
	GlobalSection(ProjectConfigurationPlatforms) = postSolution
		{95526584-513D-49F3-83D0-294557EE6FBD}.Debug|Any CPU.ActiveCfg = Debug|Any CPU
		{95526584-513D-49F3-83D0-294557EE6FBD}.Debug|Any CPU.Build.0 = Debug|Any CPU
		{95526584-513D-49F3-83D0-294557EE6FBD}.Release|Any CPU.ActiveCfg = Release|Any CPU
		{95526584-513D-49F3-83D0-294557EE6FBD}.Release|Any CPU.Build.0 = Release|Any CPU
	EndGlobalSection
	GlobalSection(SolutionProperties) = preSolution
		HideSolutionNode = FALSE
	EndGlobalSection
	GlobalSection(ExtensibilityGlobals) = postSolution
		SolutionGuid = {2FE0A089-BE5A-4FCD-827E-75231ECB93E4}
	EndGlobalSection
EndGlobal
